
Microsoft Visual Studio Solution File, Format Version 12.00
# Visual Studio Version 17
VisualStudioVersion = 17.0.31903.59
MinimumVisualStudioVersion = 10.0.40219.1
Project("{FAE04EC0-301F-11D3-BF4B-00C04F79EFBC}") = "ConsoleUI", "ConsoleUI\ConsoleUI.csproj", "{DA5AB8C0-B435-45BD-BAAD-DFC2F802B8BE}"
EndProject
Project("{FAE04EC0-301F-11D3-BF4B-00C04F79EFBC}") = "DemoLibrary", "DemoLibrary\DemoLibrary.csproj", "{FBD433B5-DD79-462A-BBBA-F276A6176219}"
EndProject
Global
	GlobalSection(SolutionConfigurationPlatforms) = preSolution
		Debug|Any CPU = Debug|Any CPU
		Release|Any CPU = Release|Any CPU
	EndGlobalSection
	GlobalSection(SolutionProperties) = preSolution
		HideSolutionNode = FALSE
	EndGlobalSection
	GlobalSection(ProjectConfigurationPlatforms) = postSolution
		{DA5AB8C0-B435-45BD-BAAD-DFC2F802B8BE}.Debug|Any CPU.ActiveCfg = Debug|Any CPU
		{DA5AB8C0-B435-45BD-BAAD-DFC2F802B8BE}.Debug|Any CPU.Build.0 = Debug|Any CPU
		{DA5AB8C0-B435-45BD-BAAD-DFC2F802B8BE}.Release|Any CPU.ActiveCfg = Release|Any CPU
		{DA5AB8C0-B435-45BD-BAAD-DFC2F802B8BE}.Release|Any CPU.Build.0 = Release|Any CPU
		{FBD433B5-DD79-462A-BBBA-F276A6176219}.Debug|Any CPU.ActiveCfg = Debug|Any CPU
		{FBD433B5-DD79-462A-BBBA-F276A6176219}.Debug|Any CPU.Build.0 = Debug|Any CPU
		{FBD433B5-DD79-462A-BBBA-F276A6176219}.Release|Any CPU.ActiveCfg = Release|Any CPU
		{FBD433B5-DD79-462A-BBBA-F276A6176219}.Release|Any CPU.Build.0 = Release|Any CPU
	EndGlobalSection
EndGlobal
